
Microsoft Visual Studio Solution File, Format Version 12.00
# Visual Studio Version 16
VisualStudioVersion = 16.0.31321.278
MinimumVisualStudioVersion = 10.0.40219.1
Project("{9A19103F-16F7-4668-BE54-9A1E7A4F7556}") = "Basketball_Manager_Db", "Basketball_Manager_Db\Basketball_Manager_Db.csproj", "{DCEE0FD7-444E-4BF7-8001-C1550934A806}"
EndProject
Project("{FAE04EC0-301F-11D3-BF4B-00C04F79EFBC}") = "Basketball_Manager_Api", "Basketball_Manager_Api\Basketball_Manager_Api.csproj", "{E6FE384F-43AD-4ECC-9AAA-B759155820B2}"
EndProject
Global
	GlobalSection(SolutionConfigurationPlatforms) = preSolution
		Debug|Any CPU = Debug|Any CPU
		Release|Any CPU = Release|Any CPU
	EndGlobalSection
	GlobalSection(ProjectConfigurationPlatforms) = postSolution
		{DCEE0FD7-444E-4BF7-8001-C1550934A806}.Debug|Any CPU.ActiveCfg = Debug|Any CPU
		{DCEE0FD7-444E-4BF7-8001-C1550934A806}.Debug|Any CPU.Build.0 = Debug|Any CPU
		{DCEE0FD7-444E-4BF7-8001-C1550934A806}.Release|Any CPU.ActiveCfg = Release|Any CPU
		{DCEE0FD7-444E-4BF7-8001-C1550934A806}.Release|Any CPU.Build.0 = Release|Any CPU
		{E6FE384F-43AD-4ECC-9AAA-B759155820B2}.Debug|Any CPU.ActiveCfg = Debug|Any CPU
		{E6FE384F-43AD-4ECC-9AAA-B759155820B2}.Debug|Any CPU.Build.0 = Debug|Any CPU
		{E6FE384F-43AD-4ECC-9AAA-B759155820B2}.Release|Any CPU.ActiveCfg = Release|Any CPU
		{E6FE384F-43AD-4ECC-9AAA-B759155820B2}.Release|Any CPU.Build.0 = Release|Any CPU
	EndGlobalSection
	GlobalSection(SolutionProperties) = preSolution
		HideSolutionNode = FALSE
	EndGlobalSection
	GlobalSection(ExtensibilityGlobals) = postSolution
		SolutionGuid = {69E8625E-0103-4C46-BC26-C23C95ED05E3}
	EndGlobalSection
EndGlobal
